github.com/hashicorp/go-version v1.7.0 h1:5tqGy27NaOTB8yJKUZELlFAS/LTKJkrmONwQKeRZfjY=
github.com/hashicorp/go-version v1.7.0/go.mod h1:fltr4n8CU8Ke44wwGCBoEymUuxUHl09ZGVZPK5anwXA=
github.com/mitchellh/ioprogress v0.0.0-20180201004757-6a23b12fa88e h1:Qa6dnn8DlasdXRnacluu8HzPts0S1I9zvvUPDbBnXFI=
github.com/mitchellh/ioprogress v0.0.0-20180201004757-6a23b12fa88e/go.mod h1:waEya8ee1Ro/lgxpVhkJI4BVASzkm3UZqkx/cFJiYHM=
